{
  "originHash" : "c1d977841bc50e1f499e479431324005dba8bf92fbddcf3438793c8917dad6d0",
  "pins" : [
    {
      "identity" : "bluesocket",
      "kind" : "remoteSourceControl",
      "location" : "https://github.com/Kitura/BlueSocket.git",
      "state" : {
        "revision" : "7b23a867008e0027bfd6f4d398d44720707bc8ca",
        "version" : "2.0.4"
      }
    },
    {
      "identity" : "bluesslservice",
      "kind" : "remoteSourceControl",
      "location" : "https://github.com/Kitura/BlueSSLService",
      "state" : {
        "revision" : "b27a94d063962dfa1bba9f79814c4ef202cf33a4",
        "version" : "2.0.2"
      }
    },
    {
      "identity" : "postgresclientkit",
      "kind" : "remoteSourceControl",
      "location" : "https://github.com/codewinsdotcom/PostgresClientKit",
      "state" : {
        "branch" : "master",
        "revision" : "2ec24c3e8cce05f1b0b5ee19d2762adb2682c4b0"
      }
    }
  ],
  "version" : 3
}
