// !$*UTF8*$!
{
	archiveVersion = 1;
	classes = {
	};
	objectVersion = 56;
	objects = {

/* Begin PBXBuildFile section */
		D102C087296C256200EEC6D2 /* InternshipListView.swift in Sources */ = {isa = PBXBuildFile; fileRef = D102C086296C256200EEC6D2 /* InternshipListView.swift */; };
		D12025AB29365E61006C5855 /* WiiInternshipApp.swift in Sources */ = {isa = PBXBuildFile; fileRef = D12025AA29365E61006C5855 /* WiiInternshipApp.swift */; };
		D12025AD29365E61006C5855 /* ContentView.swift in Sources */ = {isa = PBXBuildFile; fileRef = D12025AC29365E61006C5855 /* ContentView.swift */; };
		D12025AF29365E63006C5855 /* Assets.xcassets in Resources */ = {isa = PBXBuildFile; fileRef = D12025AE29365E63006C5855 /* Assets.xcassets */; };
		D12025C92937CF73006C5855 /* InternshipDetailView.swift in Sources */ = {isa = PBXBuildFile; fileRef = D12025C82937CF73006C5855 /* InternshipDetailView.swift */; };
		D12025D229391D25006C5855 /* WiiKit.xcassets in Resources */ = {isa = PBXBuildFile; fileRef = D12025D029391D24006C5855 /* WiiKit.xcassets */; };
		D120480629734131002A931F /* InternshipEditView.swift in Sources */ = {isa = PBXBuildFile; fileRef = D120480529734131002A931F /* InternshipEditView.swift */; };
		D1567151298188A70038E90A /* WiiKit.framework in Frameworks */ = {isa = PBXBuildFile; fileRef = D15671502981889D0038E90A /* WiiKit.framework */; };
		D1567152298188A70038E90A /* WiiKit.framework in Embed Frameworks */ = {isa = PBXBuildFile; fileRef = D15671502981889D0038E90A /* WiiKit.framework */; settings = {ATTRIBUTES = (CodeSignOnCopy, RemoveHeadersOnCopy, ); }; };
		D15F0F332984100900C9E2AC /* InternshipHomeView.swift in Sources */ = {isa = PBXBuildFile; fileRef = D15F0F322984100900C9E2AC /* InternshipHomeView.swift */; };
		D1727D7F29854F7A00E2E602 /* InternshipsList.swift in Sources */ = {isa = PBXBuildFile; fileRef = D1727D7E29854F7A00E2E602 /* InternshipsList.swift */; };
		D1CD50BF298F02A600AA4AAD /* AboutView.swift in Sources */ = {isa = PBXBuildFile; fileRef = D1CD50BE298F02A600AA4AAD /* AboutView.swift */; };
/* End PBXBuildFile section */

/* Begin PBXContainerItemProxy section */
		D156714F2981889D0038E90A /* PBXContainerItemProxy */ = {
			isa = PBXContainerItemProxy;
			containerPortal = D156714B2981889D0038E90A /* WiiKit.xcodeproj */;
			proxyType = 2;
			remoteGlobalIDString = D1962D02284255ED009F85BE;
			remoteInfo = WiiKit;
		};
/* End PBXContainerItemProxy section */

/* Begin PBXCopyFilesBuildPhase section */
		D12025C129365FC2006C5855 /* Embed Frameworks */ = {
			isa = PBXCopyFilesBuildPhase;
			buildActionMask = 2147483647;
			dstPath = "";
			dstSubfolderSpec = 10;
			files = (
				D1567152298188A70038E90A /* WiiKit.framework in Embed Frameworks */,
			);
			name = "Embed Frameworks";
			runOnlyForDeploymentPostprocessing = 0;
		};
/* End PBXCopyFilesBuildPhase section */

/* Begin PBXFileReference section */
		D102C086296C256200EEC6D2 /* InternshipListView.swift */ = {isa = PBXFileReference; lastKnownFileType = sourcecode.swift; path = InternshipListView.swift; sourceTree = "<group>"; };
		D12025A729365E61006C5855 /* WiiInternship.app */ = {isa = PBXFileReference; explicitFileType = wrapper.application; includeInIndex = 0; path = WiiInternship.app; sourceTree = BUILT_PRODUCTS_DIR; };
		D12025AA29365E61006C5855 /* WiiInternshipApp.swift */ = {isa = PBXFileReference; lastKnownFileType = sourcecode.swift; path = WiiInternshipApp.swift; sourceTree = "<group>"; };
		D12025AC29365E61006C5855 /* ContentView.swift */ = {isa = PBXFileReference; lastKnownFileType = sourcecode.swift; path = ContentView.swift; sourceTree = "<group>"; };
		D12025AE29365E63006C5855 /* Assets.xcassets */ = {isa = PBXFileReference; lastKnownFileType = folder.assetcatalog; path = Assets.xcassets; sourceTree = "<group>"; };
		D12025C82937CF73006C5855 /* InternshipDetailView.swift */ = {isa = PBXFileReference; lastKnownFileType = sourcecode.swift; path = InternshipDetailView.swift; sourceTree = "<group>"; };
		D12025D029391D24006C5855 /* WiiKit.xcassets */ = {isa = PBXFileReference; lastKnownFileType = folder.assetcatalog; path = WiiKit.xcassets; sourceTree = "<group>"; };
		D120480529734131002A931F /* InternshipEditView.swift */ = {isa = PBXFileReference; fileEncoding = 4; lastKnownFileType = sourcecode.swift; path = InternshipEditView.swift; sourceTree = "<group>"; };
		D120480F2973483A002A931F /* WiiInternship-Info.plist */ = {isa = PBXFileReference; lastKnownFileType = text.plist.xml; path = "WiiInternship-Info.plist"; sourceTree = "<group>"; };
		D156714B2981889D0038E90A /* WiiKit.xcodeproj */ = {isa = PBXFileReference; lastKnownFileType = "wrapper.pb-project"; name = WiiKit.xcodeproj; path = ../../WiiKit/WiiKit.xcodeproj; sourceTree = "<group>"; };
		D15F0F322984100900C9E2AC /* InternshipHomeView.swift */ = {isa = PBXFileReference; lastKnownFileType = sourcecode.swift; path = InternshipHomeView.swift; sourceTree = "<group>"; };
		D1727D7E29854F7A00E2E602 /* InternshipsList.swift */ = {isa = PBXFileReference; lastKnownFileType = sourcecode.swift; path = InternshipsList.swift; sourceTree = "<group>"; };
		D1CD50BE298F02A600AA4AAD /* AboutView.swift */ = {isa = PBXFileReference; lastKnownFileType = sourcecode.swift; path = AboutView.swift; sourceTree = "<group>"; };
/* End PBXFileReference section */

/* Begin PBXFrameworksBuildPhase section */
		D12025A429365E61006C5855 /* Frameworks */ = {
			isa = PBXFrameworksBuildPhase;
			buildActionMask = 2147483647;
			files = (
				D1567151298188A70038E90A /* WiiKit.framework in Frameworks */,
			);
			runOnlyForDeploymentPostprocessing = 0;
		};
/* End PBXFrameworksBuildPhase section */

/* Begin PBXGroup section */
		D120259E29365E61006C5855 = {
			isa = PBXGroup;
			children = (
				D120480F2973483A002A931F /* WiiInternship-Info.plist */,
				D12025AA29365E61006C5855 /* WiiInternshipApp.swift */,
				D12025D029391D24006C5855 /* WiiKit.xcassets */,
				D12025AE29365E63006C5855 /* Assets.xcassets */,
				D1B03FDE2953857D00115E89 /* Views */,
				D12025A829365E61006C5855 /* Products */,
				D12025B829365FB5006C5855 /* Frameworks */,
			);
			sourceTree = "<group>";
		};
		D12025A829365E61006C5855 /* Products */ = {
			isa = PBXGroup;
			children = (
				D12025A729365E61006C5855 /* WiiInternship.app */,
			);
			name = Products;
			sourceTree = "<group>";
		};
		D12025B829365FB5006C5855 /* Frameworks */ = {
			isa = PBXGroup;
			children = (
				D156714B2981889D0038E90A /* WiiKit.xcodeproj */,
			);
			name = Frameworks;
			sourceTree = "<group>";
		};
		D156714C2981889D0038E90A /* Products */ = {
			isa = PBXGroup;
			children = (
				D15671502981889D0038E90A /* WiiKit.framework */,
			);
			name = Products;
			sourceTree = "<group>";
		};
		D1B03FDE2953857D00115E89 /* Views */ = {
			isa = PBXGroup;
			children = (
				D120480529734131002A931F /* InternshipEditView.swift */,
				D102C086296C256200EEC6D2 /* InternshipListView.swift */,
				D12025AC29365E61006C5855 /* ContentView.swift */,
				D12025C82937CF73006C5855 /* InternshipDetailView.swift */,
				D15F0F322984100900C9E2AC /* InternshipHomeView.swift */,
				D1727D7E29854F7A00E2E602 /* InternshipsList.swift */,
				D1CD50BE298F02A600AA4AAD /* AboutView.swift */,
			);
			path = Views;
			sourceTree = "<group>";
		};
/* End PBXGroup section */

/* Begin PBXNativeTarget section */
		D12025A629365E61006C5855 /* WiiInternship */ = {
			isa = PBXNativeTarget;
			buildConfigurationList = D12025B529365E63006C5855 /* Build configuration list for PBXNativeTarget "WiiInternship" */;
			buildPhases = (
				D12025A329365E61006C5855 /* Sources */,
				D12025A429365E61006C5855 /* Frameworks */,
				D12025A529365E61006C5855 /* Resources */,
				D12025C129365FC2006C5855 /* Embed Frameworks */,
			);
			buildRules = (
			);
			dependencies = (
			);
			name = WiiInternship;
			productName = WiInternshipShedule;
			productReference = D12025A729365E61006C5855 /* WiiInternship.app */;
			productType = "com.apple.product-type.application";
		};
/* End PBXNativeTarget section */

/* Begin PBXProject section */
		D120259F29365E61006C5855 /* Project object */ = {
			isa = PBXProject;
			attributes = {
				BuildIndependentTargetsInParallel = 1;
				LastSwiftUpdateCheck = 1410;
				LastUpgradeCheck = 1410;
				TargetAttributes = {
					D12025A629365E61006C5855 = {
						CreatedOnToolsVersion = 14.1;
					};
				};
			};
			buildConfigurationList = D12025A229365E61006C5855 /* Build configuration list for PBXProject "WiiInternship" */;
			compatibilityVersion = "Xcode 14.0";
			developmentRegion = en;
			hasScannedForEncodings = 0;
			knownRegions = (
				en,
				Base,
			);
			mainGroup = D120259E29365E61006C5855;
			productRefGroup = D12025A829365E61006C5855 /* Products */;
			projectDirPath = "";
			projectReferences = (
				{
					ProductGroup = D156714C2981889D0038E90A /* Products */;
					ProjectRef = D156714B2981889D0038E90A /* WiiKit.xcodeproj */;
				},
			);
			projectRoot = "";
			targets = (
				D12025A629365E61006C5855 /* WiiInternship */,
			);
		};
/* End PBXProject section */

/* Begin PBXReferenceProxy section */
		D15671502981889D0038E90A /* WiiKit.framework */ = {
			isa = PBXReferenceProxy;
			fileType = wrapper.framework;
			path = WiiKit.framework;
			remoteRef = D156714F2981889D0038E90A /* PBXContainerItemProxy */;
			sourceTree = BUILT_PRODUCTS_DIR;
		};
/* End PBXReferenceProxy section */

/* Begin PBXResourcesBuildPhase section */
		D12025A529365E61006C5855 /* Resources */ = {
			isa = PBXResourcesBuildPhase;
			buildActionMask = 2147483647;
			files = (
				D12025D229391D25006C5855 /* WiiKit.xcassets in Resources */,
				D12025AF29365E63006C5855 /* Assets.xcassets in Resources */,
			);
			runOnlyForDeploymentPostprocessing = 0;
		};
/* End PBXResourcesBuildPhase section */

/* Begin PBXSourcesBuildPhase section */
		D12025A329365E61006C5855 /* Sources */ = {
			isa = PBXSourcesBuildPhase;
			buildActionMask = 2147483647;
			files = (
				D1CD50BF298F02A600AA4AAD /* AboutView.swift in Sources */,
				D120480629734131002A931F /* InternshipEditView.swift in Sources */,
				D1727D7F29854F7A00E2E602 /* InternshipsList.swift in Sources */,
				D12025AD29365E61006C5855 /* ContentView.swift in Sources */,
				D12025AB29365E61006C5855 /* WiiInternshipApp.swift in Sources */,
				D15F0F332984100900C9E2AC /* InternshipHomeView.swift in Sources */,
				D12025C92937CF73006C5855 /* InternshipDetailView.swift in Sources */,
				D102C087296C256200EEC6D2 /* InternshipListView.swift in Sources */,
			);
			runOnlyForDeploymentPostprocessing = 0;
		};
/* End PBXSourcesBuildPhase section */

/* Begin XCBuildConfiguration section */
		D12025B329365E63006C5855 /* Debug */ = {
			isa = XCBuildConfiguration;
			buildSettings = {
				ALWAYS_SEARCH_USER_PATHS = NO;
				CLANG_ANALYZER_NONNULL = YES;
				CLANG_ANALYZER_NUMBER_OBJECT_CONVERSION = YES_AGGRESSIVE;
				CLANG_CXX_LANGUAGE_STANDARD = "gnu++20";
				CLANG_ENABLE_MODULES = YES;
				CLANG_ENABLE_OBJC_ARC = YES;
				CLANG_ENABLE_OBJC_WEAK = YES;
				CLANG_WARN_BLOCK_CAPTURE_AUTORELEASING = YES;
				CLANG_WARN_BOOL_CONVERSION = YES;
				CLANG_WARN_COMMA = YES;
				CLANG_WARN_CONSTANT_CONVERSION = YES;
				CLANG_WARN_DEPRECATED_OBJC_IMPLEMENTATIONS = YES;
				CLANG_WARN_DIRECT_OBJC_ISA_USAGE = YES_ERROR;
				CLANG_WARN_DOCUMENTATION_COMMENTS = YES;
				CLANG_WARN_EMPTY_BODY = YES;
				CLANG_WARN_ENUM_CONVERSION = YES;
				CLANG_WARN_INFINITE_RECURSION = YES;
				CLANG_WARN_INT_CONVERSION = YES;
				CLANG_WARN_NON_LITERAL_NULL_CONVERSION = YES;
				CLANG_WARN_OBJC_IMPLICIT_RETAIN_SELF = YES;
				CLANG_WARN_OBJC_LITERAL_CONVERSION = YES;
				CLANG_WARN_OBJC_ROOT_CLASS = YES_ERROR;
				CLANG_WARN_QUOTED_INCLUDE_IN_FRAMEWORK_HEADER = YES;
				CLANG_WARN_RANGE_LOOP_ANALYSIS = YES;
				CLANG_WARN_STRICT_PROTOTYPES = YES;
				CLANG_WARN_SUSPICIOUS_MOVE = YES;
				CLANG_WARN_UNGUARDED_AVAILABILITY = YES_AGGRESSIVE;
				CLANG_WARN_UNREACHABLE_CODE = YES;
				CLANG_WARN__DUPLICATE_METHOD_MATCH = YES;
				COPY_PHASE_STRIP = NO;
				DEBUG_INFORMATION_FORMAT = dwarf;
				ENABLE_STRICT_OBJC_MSGSEND = YES;
				ENABLE_TESTABILITY = YES;
				GCC_C_LANGUAGE_STANDARD = gnu11;
				GCC_DYNAMIC_NO_PIC = NO;
				GCC_NO_COMMON_BLOCKS = YES;
				GCC_OPTIMIZATION_LEVEL = 0;
				GCC_PREPROCESSOR_DEFINITIONS = (
					"DEBUG=1",
					"$(inherited)",
				);
				GCC_WARN_64_TO_32_BIT_CONVERSION = YES;
				GCC_WARN_ABOUT_RETURN_TYPE = YES_ERROR;
				GCC_WARN_UNDECLARED_SELECTOR = YES;
				GCC_WARN_UNINITIALIZED_AUTOS = YES_AGGRESSIVE;
				GCC_WARN_UNUSED_FUNCTION = YES;
				GCC_WARN_UNUSED_VARIABLE = YES;
				GENERATE_INFOPLIST_FILE = YES;
				IPHONEOS_DEPLOYMENT_TARGET = 16.1;
				MTL_ENABLE_DEBUG_INFO = INCLUDE_SOURCE;
				MTL_FAST_MATH = YES;
				ONLY_ACTIVE_ARCH = YES;
				SDKROOT = iphoneos;
				SWIFT_ACTIVE_COMPILATION_CONDITIONS = DEBUG;
				SWIFT_OPTIMIZATION_LEVEL = "-Onone";
			};
			name = Debug;
		};
		D12025B429365E63006C5855 /* Release */ = {
			isa = XCBuildConfiguration;
			buildSettings = {
				ALWAYS_SEARCH_USER_PATHS = NO;
				CLANG_ANALYZER_NONNULL = YES;
				CLANG_ANALYZER_NUMBER_OBJECT_CONVERSION = YES_AGGRESSIVE;
				CLANG_CXX_LANGUAGE_STANDARD = "gnu++20";
				CLANG_ENABLE_MODULES = YES;
				CLANG_ENABLE_OBJC_ARC = YES;
				CLANG_ENABLE_OBJC_WEAK = YES;
				CLANG_WARN_BLOCK_CAPTURE_AUTORELEASING = YES;
				CLANG_WARN_BOOL_CONVERSION = YES;
				CLANG_WARN_COMMA = YES;
				CLANG_WARN_CONSTANT_CONVERSION = YES;
				CLANG_WARN_DEPRECATED_OBJC_IMPLEMENTATIONS = YES;
				CLANG_WARN_DIRECT_OBJC_ISA_USAGE = YES_ERROR;
				CLANG_WARN_DOCUMENTATION_COMMENTS = YES;
				CLANG_WARN_EMPTY_BODY = YES;
				CLANG_WARN_ENUM_CONVERSION = YES;
				CLANG_WARN_INFINITE_RECURSION = YES;
				CLANG_WARN_INT_CONVERSION = YES;
				CLANG_WARN_NON_LITERAL_NULL_CONVERSION = YES;
				CLANG_WARN_OBJC_IMPLICIT_RETAIN_SELF = YES;
				CLANG_WARN_OBJC_LITERAL_CONVERSION = YES;
				CLANG_WARN_OBJC_ROOT_CLASS = YES_ERROR;
				CLANG_WARN_QUOTED_INCLUDE_IN_FRAMEWORK_HEADER = YES;
				CLANG_WARN_RANGE_LOOP_ANALYSIS = YES;
				CLANG_WARN_STRICT_PROTOTYPES = YES;
				CLANG_WARN_SUSPICIOUS_MOVE = YES;
				CLANG_WARN_UNGUARDED_AVAILABILITY = YES_AGGRESSIVE;
				CLANG_WARN_UNREACHABLE_CODE = YES;
				CLANG_WARN__DUPLICATE_METHOD_MATCH = YES;
				COPY_PHASE_STRIP = NO;
				DEBUG_INFORMATION_FORMAT = "dwarf-with-dsym";
				ENABLE_NS_ASSERTIONS = NO;
				ENABLE_STRICT_OBJC_MSGSEND = YES;
				GCC_C_LANGUAGE_STANDARD = gnu11;
				GCC_NO_COMMON_BLOCKS = YES;
				GCC_WARN_64_TO_32_BIT_CONVERSION = YES;
				GCC_WARN_ABOUT_RETURN_TYPE = YES_ERROR;
				GCC_WARN_UNDECLARED_SELECTOR = YES;
				GCC_WARN_UNINITIALIZED_AUTOS = YES_AGGRESSIVE;
				GCC_WARN_UNUSED_FUNCTION = YES;
				GCC_WARN_UNUSED_VARIABLE = YES;
				GENERATE_INFOPLIST_FILE = YES;
				IPHONEOS_DEPLOYMENT_TARGET = 16.1;
				MTL_ENABLE_DEBUG_INFO = NO;
				MTL_FAST_MATH = YES;
				SDKROOT = iphoneos;
				SWIFT_COMPILATION_MODE = wholemodule;
				SWIFT_OPTIMIZATION_LEVEL = "-O";
				VALIDATE_PRODUCT = YES;
			};
			name = Release;
		};
		D12025B629365E63006C5855 /* Debug */ = {
			isa = XCBuildConfiguration;
			buildSettings = {
				ASSETCATALOG_COMPILER_APPICON_NAME = AppIcon;
				ASSETCATALOG_COMPILER_GLOBAL_ACCENT_COLOR_NAME = AccentColor;
				CODE_SIGN_STYLE = Automatic;
				CURRENT_PROJECT_VERSION = 1;
				DEVELOPMENT_TEAM = 8GMTTB5285;
				ENABLE_PREVIEWS = YES;
				GENERATE_INFOPLIST_FILE = YES;
				INFOPLIST_FILE = "WiiInternship-Info.plist";
				INFOPLIST_KEY_CFBundleDisplayName = "Cтажировки";
				INFOPLIST_KEY_UIApplicationSceneManifest_Generation = YES;
				INFOPLIST_KEY_UIApplicationSupportsIndirectInputEvents = YES;
				INFOPLIST_KEY_UISupportedInterfaceOrientations_iPad = "UIInterfaceOrientationPortrait UIInterfaceOrientationPortraitUpsideDown UIInterfaceOrientationLandscapeLeft UIInterfaceOrientationLandscapeRight";
				INFOPLIST_KEY_UISupportedInterfaceOrientations_iPhone = "UIInterfaceOrientationPortrait UIInterfaceOrientationLandscapeLeft UIInterfaceOrientationLandscapeRight";
				IPHONEOS_DEPLOYMENT_TARGET = 16.0;
				LD_RUNPATH_SEARCH_PATHS = (
					"$(inherited)",
					"@executable_path/Frameworks",
				);
				MARKETING_VERSION = 1.0;
				PRODUCT_BUNDLE_IDENTIFIER = org.wiipuri.WiInternshipShedule;
				PRODUCT_NAME = "$(TARGET_NAME)";
				SWIFT_EMIT_LOC_STRINGS = YES;
				SWIFT_VERSION = 5.0;
				TARGETED_DEVICE_FAMILY = "1,2";
			};
			name = Debug;
		};
		D12025B729365E63006C5855 /* Release */ = {
			isa = XCBuildConfiguration;
			buildSettings = {
				ASSETCATALOG_COMPILER_APPICON_NAME = AppIcon;
				ASSETCATALOG_COMPILER_GLOBAL_ACCENT_COLOR_NAME = AccentColor;
				CODE_SIGN_STYLE = Automatic;
				CURRENT_PROJECT_VERSION = 1;
				DEVELOPMENT_TEAM = 8GMTTB5285;
				ENABLE_PREVIEWS = YES;
				GENERATE_INFOPLIST_FILE = YES;
				INFOPLIST_FILE = "WiiInternship-Info.plist";
				INFOPLIST_KEY_CFBundleDisplayName = "Cтажировки";
				INFOPLIST_KEY_UIApplicationSceneManifest_Generation = YES;
				INFOPLIST_KEY_UIApplicationSupportsIndirectInputEvents = YES;
				INFOPLIST_KEY_UISupportedInterfaceOrientations_iPad = "UIInterfaceOrientationPortrait UIInterfaceOrientationPortraitUpsideDown UIInterfaceOrientationLandscapeLeft UIInterfaceOrientationLandscapeRight";
				INFOPLIST_KEY_UISupportedInterfaceOrientations_iPhone = "UIInterfaceOrientationPortrait UIInterfaceOrientationLandscapeLeft UIInterfaceOrientationLandscapeRight";
				IPHONEOS_DEPLOYMENT_TARGET = 16.0;
				LD_RUNPATH_SEARCH_PATHS = (
					"$(inherited)",
					"@executable_path/Frameworks",
				);
				MARKETING_VERSION = 1.0;
				PRODUCT_BUNDLE_IDENTIFIER = org.wiipuri.WiInternshipShedule;
				PRODUCT_NAME = "$(TARGET_NAME)";
				SWIFT_EMIT_LOC_STRINGS = YES;
				SWIFT_VERSION = 5.0;
				TARGETED_DEVICE_FAMILY = "1,2";
			};
			name = Release;
		};
/* End XCBuildConfiguration section */

/* Begin XCConfigurationList section */
		D12025A229365E61006C5855 /* Build configuration list for PBXProject "WiiInternship" */ = {
			isa = XCConfigurationList;
			buildConfigurations = (
				D12025B329365E63006C5855 /* Debug */,
				D12025B429365E63006C5855 /* Release */,
			);
			defaultConfigurationIsVisible = 0;
			defaultConfigurationName = Release;
		};
		D12025B529365E63006C5855 /* Build configuration list for PBXNativeTarget "WiiInternship" */ = {
			isa = XCConfigurationList;
			buildConfigurations = (
				D12025B629365E63006C5855 /* Debug */,
				D12025B729365E63006C5855 /* Release */,
			);
			defaultConfigurationIsVisible = 0;
			defaultConfigurationName = Release;
		};
/* End XCConfigurationList section */
	};
	rootObject = D120259F29365E61006C5855 /* Project object */;
}
