{
  "originHash" : "c1d977841bc50e1f499e479431324005dba8bf92fbddcf3438793c8917dad6d0",
  "pins" : [
    {
      "identity" : "bluesocket",
      "kind" : "remoteSourceControl",
      "location" : "https://github.com/Kitura/BlueSocket.git",
      "state" : {
        "revision" : "270f7bd2ea9d81878022d604f4f3577ce6c1703d",
        "version" : "2.0.3"
      }
    },
    {
      "identity" : "bluesslservice",
      "kind" : "remoteSourceControl",
      "location" : "https://github.com/Kitura/BlueSSLService",
      "state" : {
        "revision" : "c249988fb748749739144e7f554710552acdc0bd",
        "version" : "2.0.1"
      }
    },
    {
      "identity" : "postgresclientkit",
      "kind" : "remoteSourceControl",
      "location" : "https://github.com/codewinsdotcom/PostgresClientKit",
      "state" : {
        "branch" : "master",
        "revision" : "a8b8721334ba9631e127a9915e6f0f772e17cead"
      }
    }
  ],
  "version" : 3
}
